// !$*UTF8*$!
{
	archiveVersion = 1;
	classes = {
	};
	objectVersion = 50;
	objects = {

/* Begin PBXBuildFile section */
		157AC30F248704AE00EDAEC1 /* AppDelegate.swift in Sources */ = {isa = PBXBuildFile; fileRef = 157AC30E248704AE00EDAEC1 /* AppDelegate.swift */; };
		157AC311248704AE00EDAEC1 /* SceneDelegate.swift in Sources */ = {isa = PBXBuildFile; fileRef = 157AC310248704AE00EDAEC1 /* SceneDelegate.swift */; };
		157AC313248704AE00EDAEC1 /* ContentView.swift in Sources */ = {isa = PBXBuildFile; fileRef = 157AC312248704AE00EDAEC1 /* ContentView.swift */; };
		157AC315248704B400EDAEC1 /* Assets.xcassets in Resources */ = {isa = PBXBuildFile; fileRef = 157AC314248704B400EDAEC1 /* Assets.xcassets */; };
		157AC318248704B400EDAEC1 /* Preview Assets.xcassets in Resources */ = {isa = PBXBuildFile; fileRef = 157AC317248704B400EDAEC1 /* Preview Assets.xcassets */; };
		157AC31B248704B400EDAEC1 /* LaunchScreen.storyboard in Resources */ = {isa = PBXBuildFile; fileRef = 157AC319248704B400EDAEC1 /* LaunchScreen.storyboard */; };
		157AC32B2487244500EDAEC1 /* Storage.swift in Sources */ = {isa = PBXBuildFile; fileRef = 157AC32A2487244500EDAEC1 /* Storage.swift */; };
		157AC32D248728BB00EDAEC1 /* LoginView.swift in Sources */ = {isa = PBXBuildFile; fileRef = 157AC32C248728BB00EDAEC1 /* LoginView.swift */; };
		157AC3302487381D00EDAEC1 /* StationListView.swift in Sources */ = {isa = PBXBuildFile; fileRef = 157AC32F2487381D00EDAEC1 /* StationListView.swift */; };
		157AC334248801C900EDAEC1 /* Webservice.swift in Sources */ = {isa = PBXBuildFile; fileRef = 157AC333248801C900EDAEC1 /* Webservice.swift */; };
		157AC3362489B6BE00EDAEC1 /* AppModel.swift in Sources */ = {isa = PBXBuildFile; fileRef = 157AC3352489B6BE00EDAEC1 /* AppModel.swift */; };
		157AC3392489B8F200EDAEC1 /* ContentViewModel.swift in Sources */ = {isa = PBXBuildFile; fileRef = 157AC3382489B8F200EDAEC1 /* ContentViewModel.swift */; };
		157AC33B2489B8FE00EDAEC1 /* LoginViewModel.swift in Sources */ = {isa = PBXBuildFile; fileRef = 157AC33A2489B8FE00EDAEC1 /* LoginViewModel.swift */; };
		157AC33D2489B91000EDAEC1 /* StationsViewModel.swift in Sources */ = {isa = PBXBuildFile; fileRef = 157AC33C2489B91000EDAEC1 /* StationsViewModel.swift */; };
		157AC33F248B0E8200EDAEC1 /* LocationProxy.swift in Sources */ = {isa = PBXBuildFile; fileRef = 157AC33E248B0E8200EDAEC1 /* LocationProxy.swift */; };
		157AC341248B486200EDAEC1 /* Extensions.swift in Sources */ = {isa = PBXBuildFile; fileRef = 157AC340248B486100EDAEC1 /* Extensions.swift */; };
		157AC343248C846000EDAEC1 /* GeoDecoder.swift in Sources */ = {isa = PBXBuildFile; fileRef = 157AC342248C846000EDAEC1 /* GeoDecoder.swift */; };
		157AC347248D7B7800EDAEC1 /* Station.swift in Sources */ = {isa = PBXBuildFile; fileRef = 157AC346248D7B7800EDAEC1 /* Station.swift */; };
		15ECC262248E6B5C00A24CC8 /* StationRowViewModel.swift in Sources */ = {isa = PBXBuildFile; fileRef = 15ECC261248E6B5C00A24CC8 /* StationRowViewModel.swift */; };
		15ECC264248E757F00A24CC8 /* ConnectorViewModel.swift in Sources */ = {isa = PBXBuildFile; fileRef = 15ECC263248E757F00A24CC8 /* ConnectorViewModel.swift */; };
		15ECC267248ED70D00A24CC8 /* StationRowHeader.swift in Sources */ = {isa = PBXBuildFile; fileRef = 15ECC266248ED70D00A24CC8 /* StationRowHeader.swift */; };
		15ECC269248ED7A800A24CC8 /* ConnectorView.swift in Sources */ = {isa = PBXBuildFile; fileRef = 15ECC268248ED7A800A24CC8 /* ConnectorView.swift */; };
		15ECC26B248ED7DD00A24CC8 /* ConnectorHStack.swift in Sources */ = {isa = PBXBuildFile; fileRef = 15ECC26A248ED7DD00A24CC8 /* ConnectorHStack.swift */; };
		15ECC26D248ED80900A24CC8 /* StationRow.swift in Sources */ = {isa = PBXBuildFile; fileRef = 15ECC26C248ED80900A24CC8 /* StationRow.swift */; };
		15ECC274248EEA9500A24CC8 /* StationDetailView.swift in Sources */ = {isa = PBXBuildFile; fileRef = 15ECC273248EEA9500A24CC8 /* StationDetailView.swift */; };
		15ECC276248EF73900A24CC8 /* StationDetailViewModel.swift in Sources */ = {isa = PBXBuildFile; fileRef = 15ECC275248EF73900A24CC8 /* StationDetailViewModel.swift */; };
/* End PBXBuildFile section */

/* Begin PBXFileReference section */
		157AC30B248704AE00EDAEC1 /* VirtaDemo.app */ = {isa = PBXFileReference; explicitFileType = wrapper.application; includeInIndex = 0; path = VirtaDemo.app; sourceTree = BUILT_PRODUCTS_DIR; };
		157AC30E248704AE00EDAEC1 /* AppDelegate.swift */ = {isa = PBXFileReference; lastKnownFileType = sourcecode.swift; path = AppDelegate.swift; sourceTree = "<group>"; };
		157AC310248704AE00EDAEC1 /* SceneDelegate.swift */ = {isa = PBXFileReference; lastKnownFileType = sourcecode.swift; path = SceneDelegate.swift; sourceTree = "<group>"; };
		157AC312248704AE00EDAEC1 /* ContentView.swift */ = {isa = PBXFileReference; lastKnownFileType = sourcecode.swift; path = ContentView.swift; sourceTree = "<group>"; };
		157AC314248704B400EDAEC1 /* Assets.xcassets */ = {isa = PBXFileReference; lastKnownFileType = folder.assetcatalog; path = Assets.xcassets; sourceTree = "<group>"; };
		157AC317248704B400EDAEC1 /* Preview Assets.xcassets */ = {isa = PBXFileReference; lastKnownFileType = folder.assetcatalog; path = "Preview Assets.xcassets"; sourceTree = "<group>"; };
		157AC31A248704B400EDAEC1 /* Base */ = {isa = PBXFileReference; lastKnownFileType = file.storyboard; name = Base; path = Base.lproj/LaunchScreen.storyboard; sourceTree = "<group>"; };
		157AC31C248704B400EDAEC1 /* Info.plist */ = {isa = PBXFileReference; lastKnownFileType = text.plist.xml; path = Info.plist; sourceTree = "<group>"; };
		157AC32A2487244500EDAEC1 /* Storage.swift */ = {isa = PBXFileReference; lastKnownFileType = sourcecode.swift; path = Storage.swift; sourceTree = "<group>"; };
		157AC32C248728BB00EDAEC1 /* LoginView.swift */ = {isa = PBXFileReference; lastKnownFileType = sourcecode.swift; path = LoginView.swift; sourceTree = "<group>"; };
		157AC32F2487381D00EDAEC1 /* StationListView.swift */ = {isa = PBXFileReference; lastKnownFileType = sourcecode.swift; path = StationListView.swift; sourceTree = "<group>"; };
		157AC333248801C900EDAEC1 /* Webservice.swift */ = {isa = PBXFileReference; lastKnownFileType = sourcecode.swift; path = Webservice.swift; sourceTree = "<group>"; };
		157AC3352489B6BE00EDAEC1 /* AppModel.swift */ = {isa = PBXFileReference; lastKnownFileType = sourcecode.swift; path = AppModel.swift; sourceTree = "<group>"; };
		157AC3382489B8F200EDAEC1 /* ContentViewModel.swift */ = {isa = PBXFileReference; lastKnownFileType = sourcecode.swift; path = ContentViewModel.swift; sourceTree = "<group>"; };
		157AC33A2489B8FE00EDAEC1 /* LoginViewModel.swift */ = {isa = PBXFileReference; lastKnownFileType = sourcecode.swift; path = LoginViewModel.swift; sourceTree = "<group>"; };
		157AC33C2489B91000EDAEC1 /* StationsViewModel.swift */ = {isa = PBXFileReference; lastKnownFileType = sourcecode.swift; path = StationsViewModel.swift; sourceTree = "<group>"; };
		157AC33E248B0E8200EDAEC1 /* LocationProxy.swift */ = {isa = PBXFileReference; lastKnownFileType = sourcecode.swift; path = LocationProxy.swift; sourceTree = "<group>"; };
		157AC340248B486100EDAEC1 /* Extensions.swift */ = {isa = PBXFileReference; lastKnownFileType = sourcecode.swift; path = Extensions.swift; sourceTree = "<group>"; };
		157AC342248C846000EDAEC1 /* GeoDecoder.swift */ = {isa = PBXFileReference; lastKnownFileType = sourcecode.swift; path = GeoDecoder.swift; sourceTree = "<group>"; };
		157AC346248D7B7800EDAEC1 /* Station.swift */ = {isa = PBXFileReference; lastKnownFileType = sourcecode.swift; path = Station.swift; sourceTree = "<group>"; };
		15ECC261248E6B5C00A24CC8 /* StationRowViewModel.swift */ = {isa = PBXFileReference; lastKnownFileType = sourcecode.swift; path = StationRowViewModel.swift; sourceTree = "<group>"; };
		15ECC263248E757F00A24CC8 /* ConnectorViewModel.swift */ = {isa = PBXFileReference; lastKnownFileType = sourcecode.swift; path = ConnectorViewModel.swift; sourceTree = "<group>"; };
		15ECC266248ED70D00A24CC8 /* StationRowHeader.swift */ = {isa = PBXFileReference; lastKnownFileType = sourcecode.swift; path = StationRowHeader.swift; sourceTree = "<group>"; };
		15ECC268248ED7A800A24CC8 /* ConnectorView.swift */ = {isa = PBXFileReference; lastKnownFileType = sourcecode.swift; path = ConnectorView.swift; sourceTree = "<group>"; };
		15ECC26A248ED7DD00A24CC8 /* ConnectorHStack.swift */ = {isa = PBXFileReference; lastKnownFileType = sourcecode.swift; path = ConnectorHStack.swift; sourceTree = "<group>"; };
		15ECC26C248ED80900A24CC8 /* StationRow.swift */ = {isa = PBXFileReference; lastKnownFileType = sourcecode.swift; path = StationRow.swift; sourceTree = "<group>"; };
		15ECC273248EEA9500A24CC8 /* StationDetailView.swift */ = {isa = PBXFileReference; lastKnownFileType = sourcecode.swift; path = StationDetailView.swift; sourceTree = "<group>"; };
		15ECC275248EF73900A24CC8 /* StationDetailViewModel.swift */ = {isa = PBXFileReference; lastKnownFileType = sourcecode.swift; path = StationDetailViewModel.swift; sourceTree = "<group>"; };
/* End PBXFileReference section */

/* Begin PBXFrameworksBuildPhase section */
		157AC308248704AE00EDAEC1 /* Frameworks */ = {
			isa = PBXFrameworksBuildPhase;
			buildActionMask = 2147483647;
			files = (
			);
			runOnlyForDeploymentPostprocessing = 0;
		};
/* End PBXFrameworksBuildPhase section */

/* Begin PBXGroup section */
		157AC302248704AE00EDAEC1 = {
			isa = PBXGroup;
			children = (
				157AC30D248704AE00EDAEC1 /* VirtaDemo */,
				157AC30C248704AE00EDAEC1 /* Products */,
			);
			sourceTree = "<group>";
		};
		157AC30C248704AE00EDAEC1 /* Products */ = {
			isa = PBXGroup;
			children = (
				157AC30B248704AE00EDAEC1 /* VirtaDemo.app */,
			);
			name = Products;
			sourceTree = "<group>";
		};
		157AC30D248704AE00EDAEC1 /* VirtaDemo */ = {
			isa = PBXGroup;
			children = (
				157AC3372489B8C700EDAEC1 /* ViewModels */,
				157AC32E248728C500EDAEC1 /* Views */,
				157AC32524870A4000EDAEC1 /* Models */,
				157AC322248704EF00EDAEC1 /* Services */,
				157AC30E248704AE00EDAEC1 /* AppDelegate.swift */,
				157AC310248704AE00EDAEC1 /* SceneDelegate.swift */,
				157AC314248704B400EDAEC1 /* Assets.xcassets */,
				157AC319248704B400EDAEC1 /* LaunchScreen.storyboard */,
				157AC31C248704B400EDAEC1 /* Info.plist */,
				157AC316248704B400EDAEC1 /* Preview Content */,
			);
			path = VirtaDemo;
			sourceTree = "<group>";
		};
		157AC316248704B400EDAEC1 /* Preview Content */ = {
			isa = PBXGroup;
			children = (
				157AC317248704B400EDAEC1 /* Preview Assets.xcassets */,
			);
			path = "Preview Content";
			sourceTree = "<group>";
		};
		157AC322248704EF00EDAEC1 /* Services */ = {
			isa = PBXGroup;
			children = (
				157AC32A2487244500EDAEC1 /* Storage.swift */,
				157AC333248801C900EDAEC1 /* Webservice.swift */,
				157AC340248B486100EDAEC1 /* Extensions.swift */,
			);
			path = Services;
			sourceTree = "<group>";
		};
		157AC32524870A4000EDAEC1 /* Models */ = {
			isa = PBXGroup;
			children = (
				157AC3352489B6BE00EDAEC1 /* AppModel.swift */,
				157AC33E248B0E8200EDAEC1 /* LocationProxy.swift */,
				157AC342248C846000EDAEC1 /* GeoDecoder.swift */,
				157AC346248D7B7800EDAEC1 /* Station.swift */,
			);
			path = Models;
			sourceTree = "<group>";
		};
		157AC32E248728C500EDAEC1 /* Views */ = {
			isa = PBXGroup;
			children = (
				15ECC265248ED6DA00A24CC8 /* StationListView */,
				157AC32C248728BB00EDAEC1 /* LoginView.swift */,
				157AC32F2487381D00EDAEC1 /* StationListView.swift */,
				157AC312248704AE00EDAEC1 /* ContentView.swift */,
				15ECC273248EEA9500A24CC8 /* StationDetailView.swift */,
			);
			path = Views;
			sourceTree = "<group>";
		};
		157AC3372489B8C700EDAEC1 /* ViewModels */ = {
			isa = PBXGroup;
			children = (
				157AC3382489B8F200EDAEC1 /* ContentViewModel.swift */,
				157AC33A2489B8FE00EDAEC1 /* LoginViewModel.swift */,
				157AC33C2489B91000EDAEC1 /* StationsViewModel.swift */,
				15ECC261248E6B5C00A24CC8 /* StationRowViewModel.swift */,
				15ECC263248E757F00A24CC8 /* ConnectorViewModel.swift */,
				15ECC275248EF73900A24CC8 /* StationDetailViewModel.swift */,
			);
			path = ViewModels;
			sourceTree = "<group>";
		};
		15ECC265248ED6DA00A24CC8 /* StationListView */ = {
			isa = PBXGroup;
			children = (
				15ECC266248ED70D00A24CC8 /* StationRowHeader.swift */,
				15ECC268248ED7A800A24CC8 /* ConnectorView.swift */,
				15ECC26A248ED7DD00A24CC8 /* ConnectorHStack.swift */,
				15ECC26C248ED80900A24CC8 /* StationRow.swift */,
			);
			path = StationListView;
			sourceTree = "<group>";
		};
/* End PBXGroup section */

/* Begin PBXNativeTarget section */
		157AC30A248704AE00EDAEC1 /* VirtaDemo */ = {
			isa = PBXNativeTarget;
			buildConfigurationList = 157AC31F248704B400EDAEC1 /* Build configuration list for PBXNativeTarget "VirtaDemo" */;
			buildPhases = (
				157AC307248704AE00EDAEC1 /* Sources */,
				157AC308248704AE00EDAEC1 /* Frameworks */,
				157AC309248704AE00EDAEC1 /* Resources */,
			);
			buildRules = (
			);
			dependencies = (
			);
			name = VirtaDemo;
			productName = VirtaDemo;
			productReference = 157AC30B248704AE00EDAEC1 /* VirtaDemo.app */;
			productType = "com.apple.product-type.application";
		};
/* End PBXNativeTarget section */

/* Begin PBXProject section */
		157AC303248704AE00EDAEC1 /* Project object */ = {
			isa = PBXProject;
			attributes = {
				LastSwiftUpdateCheck = 1150;
				LastUpgradeCheck = 1150;
				ORGANIZATIONNAME = abbasi;
				TargetAttributes = {
					157AC30A248704AE00EDAEC1 = {
						CreatedOnToolsVersion = 11.5;
					};
				};
			};
			buildConfigurationList = 157AC306248704AE00EDAEC1 /* Build configuration list for PBXProject "VirtaDemo" */;
			compatibilityVersion = "Xcode 9.3";
			developmentRegion = en;
			hasScannedForEncodings = 0;
			knownRegions = (
				en,
				Base,
			);
			mainGroup = 157AC302248704AE00EDAEC1;
			productRefGroup = 157AC30C248704AE00EDAEC1 /* Products */;
			projectDirPath = "";
			projectRoot = "";
			targets = (
				157AC30A248704AE00EDAEC1 /* VirtaDemo */,
			);
		};
/* End PBXProject section */

/* Begin PBXResourcesBuildPhase section */
		157AC309248704AE00EDAEC1 /* Resources */ = {
			isa = PBXResourcesBuildPhase;
			buildActionMask = 2147483647;
			files = (
				157AC31B248704B400EDAEC1 /* LaunchScreen.storyboard in Resources */,
				157AC318248704B400EDAEC1 /* Preview Assets.xcassets in Resources */,
				157AC315248704B400EDAEC1 /* Assets.xcassets in Resources */,
			);
			runOnlyForDeploymentPostprocessing = 0;
		};
/* End PBXResourcesBuildPhase section */

/* Begin PBXSourcesBuildPhase section */
		157AC307248704AE00EDAEC1 /* Sources */ = {
			isa = PBXSourcesBuildPhase;
			buildActionMask = 2147483647;
			files = (
				157AC343248C846000EDAEC1 /* GeoDecoder.swift in Sources */,
				15ECC264248E757F00A24CC8 /* ConnectorViewModel.swift in Sources */,
				157AC32D248728BB00EDAEC1 /* LoginView.swift in Sources */,
				15ECC269248ED7A800A24CC8 /* ConnectorView.swift in Sources */,
				157AC32B2487244500EDAEC1 /* Storage.swift in Sources */,
				157AC33B2489B8FE00EDAEC1 /* LoginViewModel.swift in Sources */,
				15ECC262248E6B5C00A24CC8 /* StationRowViewModel.swift in Sources */,
				157AC33D2489B91000EDAEC1 /* StationsViewModel.swift in Sources */,
				157AC334248801C900EDAEC1 /* Webservice.swift in Sources */,
				15ECC274248EEA9500A24CC8 /* StationDetailView.swift in Sources */,
				157AC30F248704AE00EDAEC1 /* AppDelegate.swift in Sources */,
				15ECC26D248ED80900A24CC8 /* StationRow.swift in Sources */,
				157AC3392489B8F200EDAEC1 /* ContentViewModel.swift in Sources */,
				157AC33F248B0E8200EDAEC1 /* LocationProxy.swift in Sources */,
				15ECC267248ED70D00A24CC8 /* StationRowHeader.swift in Sources */,
				15ECC276248EF73900A24CC8 /* StationDetailViewModel.swift in Sources */,
				157AC3362489B6BE00EDAEC1 /* AppModel.swift in Sources */,
				157AC311248704AE00EDAEC1 /* SceneDelegate.swift in Sources */,
				157AC3302487381D00EDAEC1 /* StationListView.swift in Sources */,
				15ECC26B248ED7DD00A24CC8 /* ConnectorHStack.swift in Sources */,
				157AC313248704AE00EDAEC1 /* ContentView.swift in Sources */,
				157AC347248D7B7800EDAEC1 /* Station.swift in Sources */,
				157AC341248B486200EDAEC1 /* Extensions.swift in Sources */,
			);
			runOnlyForDeploymentPostprocessing = 0;
		};
/* End PBXSourcesBuildPhase section */

/* Begin PBXVariantGroup section */
		157AC319248704B400EDAEC1 /* LaunchScreen.storyboard */ = {
			isa = PBXVariantGroup;
			children = (
				157AC31A248704B400EDAEC1 /* Base */,
			);
			name = LaunchScreen.storyboard;
			sourceTree = "<group>";
		};
/* End PBXVariantGroup section */

/* Begin XCBuildConfiguration section */
		157AC31D248704B400EDAEC1 /* Debug */ = {
			isa = XCBuildConfiguration;
			buildSettings = {
				ALWAYS_SEARCH_USER_PATHS = NO;
				CLANG_ANALYZER_NONNULL = YES;
				CLANG_ANALYZER_NUMBER_OBJECT_CONVERSION = YES_AGGRESSIVE;
				CLANG_CXX_LANGUAGE_STANDARD = "gnu++14";
				CLANG_CXX_LIBRARY = "libc++";
				CLANG_ENABLE_MODULES = YES;
				CLANG_ENABLE_OBJC_ARC = YES;
				CLANG_ENABLE_OBJC_WEAK = YES;
				CLANG_WARN_BLOCK_CAPTURE_AUTORELEASING = YES;
				CLANG_WARN_BOOL_CONVERSION = YES;
				CLANG_WARN_COMMA = YES;
				CLANG_WARN_CONSTANT_CONVERSION = YES;
				CLANG_WARN_DEPRECATED_OBJC_IMPLEMENTATIONS = YES;
				CLANG_WARN_DIRECT_OBJC_ISA_USAGE = YES_ERROR;
				CLANG_WARN_DOCUMENTATION_COMMENTS = YES;
				CLANG_WARN_EMPTY_BODY = YES;
				CLANG_WARN_ENUM_CONVERSION = YES;
				CLANG_WARN_INFINITE_RECURSION = YES;
				CLANG_WARN_INT_CONVERSION = YES;
				CLANG_WARN_NON_LITERAL_NULL_CONVERSION = YES;
				CLANG_WARN_OBJC_IMPLICIT_RETAIN_SELF = YES;
				CLANG_WARN_OBJC_LITERAL_CONVERSION = YES;
				CLANG_WARN_OBJC_ROOT_CLASS = YES_ERROR;
				CLANG_WARN_RANGE_LOOP_ANALYSIS = YES;
				CLANG_WARN_STRICT_PROTOTYPES = YES;
				CLANG_WARN_SUSPICIOUS_MOVE = YES;
				CLANG_WARN_UNGUARDED_AVAILABILITY = YES_AGGRESSIVE;
				CLANG_WARN_UNREACHABLE_CODE = YES;
				CLANG_WARN__DUPLICATE_METHOD_MATCH = YES;
				COPY_PHASE_STRIP = NO;
				DEBUG_INFORMATION_FORMAT = dwarf;
				ENABLE_STRICT_OBJC_MSGSEND = YES;
				ENABLE_TESTABILITY = YES;
				GCC_C_LANGUAGE_STANDARD = gnu11;
				GCC_DYNAMIC_NO_PIC = NO;
				GCC_NO_COMMON_BLOCKS = YES;
				GCC_OPTIMIZATION_LEVEL = 0;
				GCC_PREPROCESSOR_DEFINITIONS = (
					"DEBUG=1",
					"$(inherited)",
				);
				GCC_WARN_64_TO_32_BIT_CONVERSION = YES;
				GCC_WARN_ABOUT_RETURN_TYPE = YES_ERROR;
				GCC_WARN_UNDECLARED_SELECTOR = YES;
				GCC_WARN_UNINITIALIZED_AUTOS = YES_AGGRESSIVE;
				GCC_WARN_UNUSED_FUNCTION = YES;
				GCC_WARN_UNUSED_VARIABLE = YES;
				IPHONEOS_DEPLOYMENT_TARGET = 13.5;
				MTL_ENABLE_DEBUG_INFO = INCLUDE_SOURCE;
				MTL_FAST_MATH = YES;
				ONLY_ACTIVE_ARCH = YES;
				SDKROOT = iphoneos;
				SWIFT_ACTIVE_COMPILATION_CONDITIONS = DEBUG;
				SWIFT_OPTIMIZATION_LEVEL = "-Onone";
			};
			name = Debug;
		};
		157AC31E248704B400EDAEC1 /* Release */ = {
			isa = XCBuildConfiguration;
			buildSettings = {
				ALWAYS_SEARCH_USER_PATHS = NO;
				CLANG_ANALYZER_NONNULL = YES;
				CLANG_ANALYZER_NUMBER_OBJECT_CONVERSION = YES_AGGRESSIVE;
				CLANG_CXX_LANGUAGE_STANDARD = "gnu++14";
				CLANG_CXX_LIBRARY = "libc++";
				CLANG_ENABLE_MODULES = YES;
				CLANG_ENABLE_OBJC_ARC = YES;
				CLANG_ENABLE_OBJC_WEAK = YES;
				CLANG_WARN_BLOCK_CAPTURE_AUTORELEASING = YES;
				CLANG_WARN_BOOL_CONVERSION = YES;
				CLANG_WARN_COMMA = YES;
				CLANG_WARN_CONSTANT_CONVERSION = YES;
				CLANG_WARN_DEPRECATED_OBJC_IMPLEMENTATIONS = YES;
				CLANG_WARN_DIRECT_OBJC_ISA_USAGE = YES_ERROR;
				CLANG_WARN_DOCUMENTATION_COMMENTS = YES;
				CLANG_WARN_EMPTY_BODY = YES;
				CLANG_WARN_ENUM_CONVERSION = YES;
				CLANG_WARN_INFINITE_RECURSION = YES;
				CLANG_WARN_INT_CONVERSION = YES;
				CLANG_WARN_NON_LITERAL_NULL_CONVERSION = YES;
				CLANG_WARN_OBJC_IMPLICIT_RETAIN_SELF = YES;
				CLANG_WARN_OBJC_LITERAL_CONVERSION = YES;
				CLANG_WARN_OBJC_ROOT_CLASS = YES_ERROR;
				CLANG_WARN_RANGE_LOOP_ANALYSIS = YES;
				CLANG_WARN_STRICT_PROTOTYPES = YES;
				CLANG_WARN_SUSPICIOUS_MOVE = YES;
				CLANG_WARN_UNGUARDED_AVAILABILITY = YES_AGGRESSIVE;
				CLANG_WARN_UNREACHABLE_CODE = YES;
				CLANG_WARN__DUPLICATE_METHOD_MATCH = YES;
				COPY_PHASE_STRIP = NO;
				DEBUG_INFORMATION_FORMAT = "dwarf-with-dsym";
				ENABLE_NS_ASSERTIONS = NO;
				ENABLE_STRICT_OBJC_MSGSEND = YES;
				GCC_C_LANGUAGE_STANDARD = gnu11;
				GCC_NO_COMMON_BLOCKS = YES;
				GCC_WARN_64_TO_32_BIT_CONVERSION = YES;
				GCC_WARN_ABOUT_RETURN_TYPE = YES_ERROR;
				GCC_WARN_UNDECLARED_SELECTOR = YES;
				GCC_WARN_UNINITIALIZED_AUTOS = YES_AGGRESSIVE;
				GCC_WARN_UNUSED_FUNCTION = YES;
				GCC_WARN_UNUSED_VARIABLE = YES;
				IPHONEOS_DEPLOYMENT_TARGET = 13.5;
				MTL_ENABLE_DEBUG_INFO = NO;
				MTL_FAST_MATH = YES;
				SDKROOT = iphoneos;
				SWIFT_COMPILATION_MODE = wholemodule;
				SWIFT_OPTIMIZATION_LEVEL = "-O";
				VALIDATE_PRODUCT = YES;
			};
			name = Release;
		};
		157AC320248704B400EDAEC1 /* Debug */ = {
			isa = XCBuildConfiguration;
			buildSettings = {
				ASSETCATALOG_COMPILER_APPICON_NAME = AppIcon;
				CODE_SIGN_STYLE = Automatic;
				DEVELOPMENT_ASSET_PATHS = "\"VirtaDemo/Preview Content\"";
				DEVELOPMENT_TEAM = RZQG8GAN4A;
				ENABLE_PREVIEWS = YES;
				INFOPLIST_FILE = VirtaDemo/Info.plist;
				LD_RUNPATH_SEARCH_PATHS = (
					"$(inherited)",
					"@executable_path/Frameworks",
				);
				PRODUCT_BUNDLE_IDENTIFIER = mamona.VirtaDemo;
				PRODUCT_NAME = "$(TARGET_NAME)";
				SWIFT_VERSION = 5.0;
				TARGETED_DEVICE_FAMILY = "1,2";
			};
			name = Debug;
		};
		157AC321248704B400EDAEC1 /* Release */ = {
			isa = XCBuildConfiguration;
			buildSettings = {
				ASSETCATALOG_COMPILER_APPICON_NAME = AppIcon;
				CODE_SIGN_STYLE = Automatic;
				DEVELOPMENT_ASSET_PATHS = "\"VirtaDemo/Preview Content\"";
				DEVELOPMENT_TEAM = RZQG8GAN4A;
				ENABLE_PREVIEWS = YES;
				INFOPLIST_FILE = VirtaDemo/Info.plist;
				LD_RUNPATH_SEARCH_PATHS = (
					"$(inherited)",
					"@executable_path/Frameworks",
				);
				PRODUCT_BUNDLE_IDENTIFIER = mamona.VirtaDemo;
				PRODUCT_NAME = "$(TARGET_NAME)";
				SWIFT_VERSION = 5.0;
				TARGETED_DEVICE_FAMILY = "1,2";
			};
			name = Release;
		};
/* End XCBuildConfiguration section */

/* Begin XCConfigurationList section */
		157AC306248704AE00EDAEC1 /* Build configuration list for PBXProject "VirtaDemo" */ = {
			isa = XCConfigurationList;
			buildConfigurations = (
				157AC31D248704B400EDAEC1 /* Debug */,
				157AC31E248704B400EDAEC1 /* Release */,
			);
			defaultConfigurationIsVisible = 0;
			defaultConfigurationName = Release;
		};
		157AC31F248704B400EDAEC1 /* Build configuration list for PBXNativeTarget "VirtaDemo" */ = {
			isa = XCConfigurationList;
			buildConfigurations = (
				157AC320248704B400EDAEC1 /* Debug */,
				157AC321248704B400EDAEC1 /* Release */,
			);
			defaultConfigurationIsVisible = 0;
			defaultConfigurationName = Release;
		};
/* End XCConfigurationList section */
	};
	rootObject = 157AC303248704AE00EDAEC1 /* Project object */;
}
